// !$*UTF8*$!
{
	archiveVersion = 1;
	classes = {
	};
	objectVersion = 50;
	objects = {

/* Begin PBXBuildFile section */
		C60CBCDC2203B723007E2E15 /* AppDelegate.swift in Sources */ = {isa = PBXBuildFile; fileRef = C60CBCDB2203B723007E2E15 /* AppDelegate.swift */; };
		C60CBCE12203B723007E2E15 /* Main.storyboard in Resources */ = {isa = PBXBuildFile; fileRef = C60CBCDF2203B723007E2E15 /* Main.storyboard */; };
		C60CBCE42203B723007E2E15 /* Hello_World.xcdatamodeld in Sources */ = {isa = PBXBuildFile; fileRef = C60CBCE22203B723007E2E15 /* Hello_World.xcdatamodeld */; };
		C60CBCE62203B724007E2E15 /* Assets.xcassets in Resources */ = {isa = PBXBuildFile; fileRef = C60CBCE52203B724007E2E15 /* Assets.xcassets */; };
		C60CBCE92203B724007E2E15 /* LaunchScreen.storyboard in Resources */ = {isa = PBXBuildFile; fileRef = C60CBCE72203B724007E2E15 /* LaunchScreen.storyboard */; };
		C60CBCF42203B724007E2E15 /* Hello_WorldTests.swift in Sources */ = {isa = PBXBuildFile; fileRef = C60CBCF32203B724007E2E15 /* Hello_WorldTests.swift */; };
		C60CBCFF2203B724007E2E15 /* Hello_WorldUITests.swift in Sources */ = {isa = PBXBuildFile; fileRef = C60CBCFE2203B724007E2E15 /* Hello_WorldUITests.swift */; };
		C60CBD0D2203D317007E2E15 /* HelloWorldViewController.swift in Sources */ = {isa = PBXBuildFile; fileRef = C60CBD0C2203D317007E2E15 /* HelloWorldViewController.swift */; };
/* End PBXBuildFile section */

/* Begin PBXContainerItemProxy section */
		C60CBCF02203B724007E2E15 /* PBXContainerItemProxy */ = {
			isa = PBXContainerItemProxy;
			containerPortal = C60CBCD02203B723007E2E15 /* Project object */;
			proxyType = 1;
			remoteGlobalIDString = C60CBCD72203B723007E2E15;
			remoteInfo = "Hello World";
		};
		C60CBCFB2203B724007E2E15 /* PBXContainerItemProxy */ = {
			isa = PBXContainerItemProxy;
			containerPortal = C60CBCD02203B723007E2E15 /* Project object */;
			proxyType = 1;
			remoteGlobalIDString = C60CBCD72203B723007E2E15;
			remoteInfo = "Hello World";
		};
/* End PBXContainerItemProxy section */

/* Begin PBXFileReference section */
		C60CBCD82203B723007E2E15 /* Hello World.app */ = {isa = PBXFileReference; explicitFileType = wrapper.application; includeInIndex = 0; path = "Hello World.app"; sourceTree = BUILT_PRODUCTS_DIR; };
		C60CBCDB2203B723007E2E15 /* AppDelegate.swift */ = {isa = PBXFileReference; lastKnownFileType = sourcecode.swift; path = AppDelegate.swift; sourceTree = "<group>"; };
		C60CBCE02203B723007E2E15 /* Base */ = {isa = PBXFileReference; lastKnownFileType = file.storyboard; name = Base; path = Base.lproj/Main.storyboard; sourceTree = "<group>"; };
		C60CBCE32203B723007E2E15 /* Hello_World.xcdatamodel */ = {isa = PBXFileReference; lastKnownFileType = wrapper.xcdatamodel; path = Hello_World.xcdatamodel; sourceTree = "<group>"; };
		C60CBCE52203B724007E2E15 /* Assets.xcassets */ = {isa = PBXFileReference; lastKnownFileType = folder.assetcatalog; path = Assets.xcassets; sourceTree = "<group>"; };
		C60CBCE82203B724007E2E15 /* Base */ = {isa = PBXFileReference; lastKnownFileType = file.storyboard; name = Base; path = Base.lproj/LaunchScreen.storyboard; sourceTree = "<group>"; };
		C60CBCEA2203B724007E2E15 /* Info.plist */ = {isa = PBXFileReference; lastKnownFileType = text.plist.xml; path = Info.plist; sourceTree = "<group>"; };
		C60CBCEF2203B724007E2E15 /* Hello WorldTests.xctest */ = {isa = PBXFileReference; explicitFileType = wrapper.cfbundle; includeInIndex = 0; path = "Hello WorldTests.xctest"; sourceTree = BUILT_PRODUCTS_DIR; };
		C60CBCF32203B724007E2E15 /* Hello_WorldTests.swift */ = {isa = PBXFileReference; lastKnownFileType = sourcecode.swift; path = Hello_WorldTests.swift; sourceTree = "<group>"; };
		C60CBCF52203B724007E2E15 /* Info.plist */ = {isa = PBXFileReference; lastKnownFileType = text.plist.xml; path = Info.plist; sourceTree = "<group>"; };
		C60CBCFA2203B724007E2E15 /* Hello WorldUITests.xctest */ = {isa = PBXFileReference; explicitFileType = wrapper.cfbundle; includeInIndex = 0; path = "Hello WorldUITests.xctest"; sourceTree = BUILT_PRODUCTS_DIR; };
		C60CBCFE2203B724007E2E15 /* Hello_WorldUITests.swift */ = {isa = PBXFileReference; lastKnownFileType = sourcecode.swift; path = Hello_WorldUITests.swift; sourceTree = "<group>"; };
		C60CBD002203B724007E2E15 /* Info.plist */ = {isa = PBXFileReference; lastKnownFileType = text.plist.xml; path = Info.plist; sourceTree = "<group>"; };
		C60CBD0C2203D317007E2E15 /* HelloWorldViewController.swift */ = {isa = PBXFileReference; lastKnownFileType = sourcecode.swift; path = HelloWorldViewController.swift; sourceTree = "<group>"; };
/* End PBXFileReference section */

/* Begin PBXFrameworksBuildPhase section */
		C60CBCD52203B723007E2E15 /* Frameworks */ = {
			isa = PBXFrameworksBuildPhase;
			buildActionMask = 2147483647;
			files = (
			);
			runOnlyForDeploymentPostprocessing = 0;
		};
		C60CBCEC2203B724007E2E15 /* Frameworks */ = {
			isa = PBXFrameworksBuildPhase;
			buildActionMask = 2147483647;
			files = (
			);
			runOnlyForDeploymentPostprocessing = 0;
		};
		C60CBCF72203B724007E2E15 /* Frameworks */ = {
			isa = PBXFrameworksBuildPhase;
			buildActionMask = 2147483647;
			files = (
			);
			runOnlyForDeploymentPostprocessing = 0;
		};
/* End PBXFrameworksBuildPhase section */

/* Begin PBXGroup section */
		C60CBCCF2203B723007E2E15 = {
			isa = PBXGroup;
			children = (
				C60CBCDA2203B723007E2E15 /* Hello World */,
				C60CBCF22203B724007E2E15 /* Hello WorldTests */,
				C60CBCFD2203B724007E2E15 /* Hello WorldUITests */,
				C60CBCD92203B723007E2E15 /* Products */,
			);
			sourceTree = "<group>";
		};
		C60CBCD92203B723007E2E15 /* Products */ = {
			isa = PBXGroup;
			children = (
				C60CBCD82203B723007E2E15 /* Hello World.app */,
				C60CBCEF2203B724007E2E15 /* Hello WorldTests.xctest */,
				C60CBCFA2203B724007E2E15 /* Hello WorldUITests.xctest */,
			);
			name = Products;
			sourceTree = "<group>";
		};
		C60CBCDA2203B723007E2E15 /* Hello World */ = {
			isa = PBXGroup;
			children = (
				C60CBCDB2203B723007E2E15 /* AppDelegate.swift */,
				C60CBD0C2203D317007E2E15 /* HelloWorldViewController.swift */,
				C60CBCDF2203B723007E2E15 /* Main.storyboard */,
				C60CBCE52203B724007E2E15 /* Assets.xcassets */,
				C60CBCE72203B724007E2E15 /* LaunchScreen.storyboard */,
				C60CBCEA2203B724007E2E15 /* Info.plist */,
				C60CBCE22203B723007E2E15 /* Hello_World.xcdatamodeld */,
			);
			path = "Hello World";
			sourceTree = "<group>";
		};
		C60CBCF22203B724007E2E15 /* Hello WorldTests */ = {
			isa = PBXGroup;
			children = (
				C60CBCF32203B724007E2E15 /* Hello_WorldTests.swift */,
				C60CBCF52203B724007E2E15 /* Info.plist */,
			);
			path = "Hello WorldTests";
			sourceTree = "<group>";
		};
		C60CBCFD2203B724007E2E15 /* Hello WorldUITests */ = {
			isa = PBXGroup;
			children = (
				C60CBCFE2203B724007E2E15 /* Hello_WorldUITests.swift */,
				C60CBD002203B724007E2E15 /* Info.plist */,
			);
			path = "Hello WorldUITests";
			sourceTree = "<group>";
		};
/* End PBXGroup section */

/* Begin PBXNativeTarget section */
		C60CBCD72203B723007E2E15 /* Hello World */ = {
			isa = PBXNativeTarget;
			buildConfigurationList = C60CBD032203B724007E2E15 /* Build configuration list for PBXNativeTarget "Hello World" */;
			buildPhases = (
				C60CBCD42203B723007E2E15 /* Sources */,
				C60CBCD52203B723007E2E15 /* Frameworks */,
				C60CBCD62203B723007E2E15 /* Resources */,
			);
			buildRules = (
			);
			dependencies = (
			);
			name = "Hello World";
			productName = "Hello World";
			productReference = C60CBCD82203B723007E2E15 /* Hello World.app */;
			productType = "com.apple.product-type.application";
		};
		C60CBCEE2203B724007E2E15 /* Hello WorldTests */ = {
			isa = PBXNativeTarget;
			buildConfigurationList = C60CBD062203B724007E2E15 /* Build configuration list for PBXNativeTarget "Hello WorldTests" */;
			buildPhases = (
				C60CBCEB2203B724007E2E15 /* Sources */,
				C60CBCEC2203B724007E2E15 /* Frameworks */,
				C60CBCED2203B724007E2E15 /* Resources */,
			);
			buildRules = (
			);
			dependencies = (
				C60CBCF12203B724007E2E15 /* PBXTargetDependency */,
			);
			name = "Hello WorldTests";
			productName = "Hello WorldTests";
			productReference = C60CBCEF2203B724007E2E15 /* Hello WorldTests.xctest */;
			productType = "com.apple.product-type.bundle.unit-test";
		};
		C60CBCF92203B724007E2E15 /* Hello WorldUITests */ = {
			isa = PBXNativeTarget;
			buildConfigurationList = C60CBD092203B724007E2E15 /* Build configuration list for PBXNativeTarget "Hello WorldUITests" */;
			buildPhases = (
				C60CBCF62203B724007E2E15 /* Sources */,
				C60CBCF72203B724007E2E15 /* Frameworks */,
				C60CBCF82203B724007E2E15 /* Resources */,
			);
			buildRules = (
			);
			dependencies = (
				C60CBCFC2203B724007E2E15 /* PBXTargetDependency */,
			);
			name = "Hello WorldUITests";
			productName = "Hello WorldUITests";
			productReference = C60CBCFA2203B724007E2E15 /* Hello WorldUITests.xctest */;
			productType = "com.apple.product-type.bundle.ui-testing";
		};
/* End PBXNativeTarget section */

/* Begin PBXProject section */
		C60CBCD02203B723007E2E15 /* Project object */ = {
			isa = PBXProject;
			attributes = {
				LastSwiftUpdateCheck = 1010;
				LastUpgradeCheck = 1010;
				ORGANIZATIONNAME = "Steven Perrin";
				TargetAttributes = {
					C60CBCD72203B723007E2E15 = {
						CreatedOnToolsVersion = 10.1;
					};
					C60CBCEE2203B724007E2E15 = {
						CreatedOnToolsVersion = 10.1;
						TestTargetID = C60CBCD72203B723007E2E15;
					};
					C60CBCF92203B724007E2E15 = {
						CreatedOnToolsVersion = 10.1;
						TestTargetID = C60CBCD72203B723007E2E15;
					};
				};
			};
			buildConfigurationList = C60CBCD32203B723007E2E15 /* Build configuration list for PBXProject "Hello World" */;
			compatibilityVersion = "Xcode 9.3";
			developmentRegion = en;
			hasScannedForEncodings = 0;
			knownRegions = (
				en,
				Base,
			);
			mainGroup = C60CBCCF2203B723007E2E15;
			productRefGroup = C60CBCD92203B723007E2E15 /* Products */;
			projectDirPath = "";
			projectRoot = "";
			targets = (
				C60CBCD72203B723007E2E15 /* Hello World */,
				C60CBCEE2203B724007E2E15 /* Hello WorldTests */,
				C60CBCF92203B724007E2E15 /* Hello WorldUITests */,
			);
		};
/* End PBXProject section */

/* Begin PBXResourcesBuildPhase section */
		C60CBCD62203B723007E2E15 /* Resources */ = {
			isa = PBXResourcesBuildPhase;
			buildActionMask = 2147483647;
			files = (
				C60CBCE92203B724007E2E15 /* LaunchScreen.storyboard in Resources */,
				C60CBCE62203B724007E2E15 /* Assets.xcassets in Resources */,
				C60CBCE12203B723007E2E15 /* Main.storyboard in Resources */,
			);
			runOnlyForDeploymentPostprocessing = 0;
		};
		C60CBCED2203B724007E2E15 /* Resources */ = {
			isa = PBXResourcesBuildPhase;
			buildActionMask = 2147483647;
			files = (
			);
			runOnlyForDeploymentPostprocessing = 0;
		};
		C60CBCF82203B724007E2E15 /* Resources */ = {
			isa = PBXResourcesBuildPhase;
			buildActionMask = 2147483647;
			files = (
			);
			runOnlyForDeploymentPostprocessing = 0;
		};
/* End PBXResourcesBuildPhase section */

/* Begin PBXSourcesBuildPhase section */
		C60CBCD42203B723007E2E15 /* Sources */ = {
			isa = PBXSourcesBuildPhase;
			buildActionMask = 2147483647;
			files = (
				C60CBCE42203B723007E2E15 /* Hello_World.xcdatamodeld in Sources */,
				C60CBCDC2203B723007E2E15 /* AppDelegate.swift in Sources */,
				C60CBD0D2203D317007E2E15 /* HelloWorldViewController.swift in Sources */,
			);
			runOnlyForDeploymentPostprocessing = 0;
		};
		C60CBCEB2203B724007E2E15 /* Sources */ = {
			isa = PBXSourcesBuildPhase;
			buildActionMask = 2147483647;
			files = (
				C60CBCF42203B724007E2E15 /* Hello_WorldTests.swift in Sources */,
			);
			runOnlyForDeploymentPostprocessing = 0;
		};
		C60CBCF62203B724007E2E15 /* Sources */ = {
			isa = PBXSourcesBuildPhase;
			buildActionMask = 2147483647;
			files = (
				C60CBCFF2203B724007E2E15 /* Hello_WorldUITests.swift in Sources */,
			);
			runOnlyForDeploymentPostprocessing = 0;
		};
/* End PBXSourcesBuildPhase section */

/* Begin PBXTargetDependency section */
		C60CBCF12203B724007E2E15 /* PBXTargetDependency */ = {
			isa = PBXTargetDependency;
			target = C60CBCD72203B723007E2E15 /* Hello World */;
			targetProxy = C60CBCF02203B724007E2E15 /* PBXContainerItemProxy */;
		};
		C60CBCFC2203B724007E2E15 /* PBXTargetDependency */ = {
			isa = PBXTargetDependency;
			target = C60CBCD72203B723007E2E15 /* Hello World */;
			targetProxy = C60CBCFB2203B724007E2E15 /* PBXContainerItemProxy */;
		};
/* End PBXTargetDependency section */

/* Begin PBXVariantGroup section */
		C60CBCDF2203B723007E2E15 /* Main.storyboard */ = {
			isa = PBXVariantGroup;
			children = (
				C60CBCE02203B723007E2E15 /* Base */,
			);
			name = Main.storyboard;
			sourceTree = "<group>";
		};
		C60CBCE72203B724007E2E15 /* LaunchScreen.storyboard */ = {
			isa = PBXVariantGroup;
			children = (
				C60CBCE82203B724007E2E15 /* Base */,
			);
			name = LaunchScreen.storyboard;
			sourceTree = "<group>";
		};
/* End PBXVariantGroup section */

/* Begin XCBuildConfiguration section */
		C60CBD012203B724007E2E15 /* Debug */ = {
			isa = XCBuildConfiguration;
			buildSettings = {
				ALWAYS_SEARCH_USER_PATHS = NO;
				CLANG_ANALYZER_NONNULL = YES;
				CLANG_ANALYZER_NUMBER_OBJECT_CONVERSION = YES_AGGRESSIVE;
				CLANG_CXX_LANGUAGE_STANDARD = "gnu++14";
				CLANG_CXX_LIBRARY = "libc++";
				CLANG_ENABLE_MODULES = YES;
				CLANG_ENABLE_OBJC_ARC = YES;
				CLANG_ENABLE_OBJC_WEAK = YES;
				CLANG_WARN_BLOCK_CAPTURE_AUTORELEASING = YES;
				CLANG_WARN_BOOL_CONVERSION = YES;
				CLANG_WARN_COMMA = YES;
				CLANG_WARN_CONSTANT_CONVERSION = YES;
				CLANG_WARN_DEPRECATED_OBJC_IMPLEMENTATIONS = YES;
				CLANG_WARN_DIRECT_OBJC_ISA_USAGE = YES_ERROR;
				CLANG_WARN_DOCUMENTATION_COMMENTS = YES;
				CLANG_WARN_EMPTY_BODY = YES;
				CLANG_WARN_ENUM_CONVERSION = YES;
				CLANG_WARN_INFINITE_RECURSION = YES;
				CLANG_WARN_INT_CONVERSION = YES;
				CLANG_WARN_NON_LITERAL_NULL_CONVERSION = YES;
				CLANG_WARN_OBJC_IMPLICIT_RETAIN_SELF = YES;
				CLANG_WARN_OBJC_LITERAL_CONVERSION = YES;
				CLANG_WARN_OBJC_ROOT_CLASS = YES_ERROR;
				CLANG_WARN_RANGE_LOOP_ANALYSIS = YES;
				CLANG_WARN_STRICT_PROTOTYPES = YES;
				CLANG_WARN_SUSPICIOUS_MOVE = YES;
				CLANG_WARN_UNGUARDED_AVAILABILITY = YES_AGGRESSIVE;
				CLANG_WARN_UNREACHABLE_CODE = YES;
				CLANG_WARN__DUPLICATE_METHOD_MATCH = YES;
				CODE_SIGN_IDENTITY = "iPhone Developer";
				COPY_PHASE_STRIP = NO;
				DEBUG_INFORMATION_FORMAT = dwarf;
				ENABLE_STRICT_OBJC_MSGSEND = YES;
				ENABLE_TESTABILITY = YES;
				GCC_C_LANGUAGE_STANDARD = gnu11;
				GCC_DYNAMIC_NO_PIC = NO;
				GCC_NO_COMMON_BLOCKS = YES;
				GCC_OPTIMIZATION_LEVEL = 0;
				GCC_PREPROCESSOR_DEFINITIONS = (
					"DEBUG=1",
					"$(inherited)",
				);
				GCC_WARN_64_TO_32_BIT_CONVERSION = YES;
				GCC_WARN_ABOUT_RETURN_TYPE = YES_ERROR;
				GCC_WARN_UNDECLARED_SELECTOR = YES;
				GCC_WARN_UNINITIALIZED_AUTOS = YES_AGGRESSIVE;
				GCC_WARN_UNUSED_FUNCTION = YES;
				GCC_WARN_UNUSED_VARIABLE = YES;
				IPHONEOS_DEPLOYMENT_TARGET = 12.1;
				MTL_ENABLE_DEBUG_INFO = INCLUDE_SOURCE;
				MTL_FAST_MATH = YES;
				ONLY_ACTIVE_ARCH = YES;
				SDKROOT = iphoneos;
				SWIFT_ACTIVE_COMPILATION_CONDITIONS = DEBUG;
				SWIFT_OPTIMIZATION_LEVEL = "-Onone";
			};
			name = Debug;
		};
		C60CBD022203B724007E2E15 /* Release */ = {
			isa = XCBuildConfiguration;
			buildSettings = {
				ALWAYS_SEARCH_USER_PATHS = NO;
				CLANG_ANALYZER_NONNULL = YES;
				CLANG_ANALYZER_NUMBER_OBJECT_CONVERSION = YES_AGGRESSIVE;
				CLANG_CXX_LANGUAGE_STANDARD = "gnu++14";
				CLANG_CXX_LIBRARY = "libc++";
				CLANG_ENABLE_MODULES = YES;
				CLANG_ENABLE_OBJC_ARC = YES;
				CLANG_ENABLE_OBJC_WEAK = YES;
				CLANG_WARN_BLOCK_CAPTURE_AUTORELEASING = YES;
				CLANG_WARN_BOOL_CONVERSION = YES;
				CLANG_WARN_COMMA = YES;
				CLANG_WARN_CONSTANT_CONVERSION = YES;
				CLANG_WARN_DEPRECATED_OBJC_IMPLEMENTATIONS = YES;
				CLANG_WARN_DIRECT_OBJC_ISA_USAGE = YES_ERROR;
				CLANG_WARN_DOCUMENTATION_COMMENTS = YES;
				CLANG_WARN_EMPTY_BODY = YES;
				CLANG_WARN_ENUM_CONVERSION = YES;
				CLANG_WARN_INFINITE_RECURSION = YES;
				CLANG_WARN_INT_CONVERSION = YES;
				CLANG_WARN_NON_LITERAL_NULL_CONVERSION = YES;
				CLANG_WARN_OBJC_IMPLICIT_RETAIN_SELF = YES;
				CLANG_WARN_OBJC_LITERAL_CONVERSION = YES;
				CLANG_WARN_OBJC_ROOT_CLASS = YES_ERROR;
				CLANG_WARN_RANGE_LOOP_ANALYSIS = YES;
				CLANG_WARN_STRICT_PROTOTYPES = YES;
				CLANG_WARN_SUSPICIOUS_MOVE = YES;
				CLANG_WARN_UNGUARDED_AVAILABILITY = YES_AGGRESSIVE;
				CLANG_WARN_UNREACHABLE_CODE = YES;
				CLANG_WARN__DUPLICATE_METHOD_MATCH = YES;
				CODE_SIGN_IDENTITY = "iPhone Developer";
				COPY_PHASE_STRIP = NO;
				DEBUG_INFORMATION_FORMAT = "dwarf-with-dsym";
				ENABLE_NS_ASSERTIONS = NO;
				ENABLE_STRICT_OBJC_MSGSEND = YES;
				GCC_C_LANGUAGE_STANDARD = gnu11;
				GCC_NO_COMMON_BLOCKS = YES;
				GCC_WARN_64_TO_32_BIT_CONVERSION = YES;
				GCC_WARN_ABOUT_RETURN_TYPE = YES_ERROR;
				GCC_WARN_UNDECLARED_SELECTOR = YES;
				GCC_WARN_UNINITIALIZED_AUTOS = YES_AGGRESSIVE;
				GCC_WARN_UNUSED_FUNCTION = YES;
				GCC_WARN_UNUSED_VARIABLE = YES;
				IPHONEOS_DEPLOYMENT_TARGET = 12.1;
				MTL_ENABLE_DEBUG_INFO = NO;
				MTL_FAST_MATH = YES;
				SDKROOT = iphoneos;
				SWIFT_COMPILATION_MODE = wholemodule;
				SWIFT_OPTIMIZATION_LEVEL = "-O";
				VALIDATE_PRODUCT = YES;
			};
			name = Release;
		};
		C60CBD042203B724007E2E15 /* Debug */ = {
			isa = XCBuildConfiguration;
			buildSettings = {
				ASSETCATALOG_COMPILER_APPICON_NAME = AppIcon;
				CODE_SIGN_STYLE = Automatic;
				DEVELOPMENT_TEAM = XBNWV2RC9X;
				INFOPLIST_FILE = "Hello World/Info.plist";
				LD_RUNPATH_SEARCH_PATHS = (
					"$(inherited)",
					"@executable_path/Frameworks",
				);
				PRODUCT_BUNDLE_IDENTIFIER = "edu.missouri.Hello-World";
				PRODUCT_NAME = "$(TARGET_NAME)";
				SWIFT_VERSION = 4.2;
				TARGETED_DEVICE_FAMILY = "1,2";
			};
			name = Debug;
		};
		C60CBD052203B724007E2E15 /* Release */ = {
			isa = XCBuildConfiguration;
			buildSettings = {
				ASSETCATALOG_COMPILER_APPICON_NAME = AppIcon;
				CODE_SIGN_STYLE = Automatic;
				DEVELOPMENT_TEAM = XBNWV2RC9X;
				INFOPLIST_FILE = "Hello World/Info.plist";
				LD_RUNPATH_SEARCH_PATHS = (
					"$(inherited)",
					"@executable_path/Frameworks",
				);
				PRODUCT_BUNDLE_IDENTIFIER = "edu.missouri.Hello-World";
				PRODUCT_NAME = "$(TARGET_NAME)";
				SWIFT_VERSION = 4.2;
				TARGETED_DEVICE_FAMILY = "1,2";
			};
			name = Release;
		};
		C60CBD072203B724007E2E15 /* Debug */ = {
			isa = XCBuildConfiguration;
			buildSettings = {
				ALWAYS_EMBED_SWIFT_STANDARD_LIBRARIES = YES;
				BUNDLE_LOADER = "$(TEST_HOST)";
				CODE_SIGN_STYLE = Automatic;
				DEVELOPMENT_TEAM = XBNWV2RC9X;
				INFOPLIST_FILE = "Hello WorldTests/Info.plist";
				LD_RUNPATH_SEARCH_PATHS = (
					"$(inherited)",
					"@executable_path/Frameworks",
					"@loader_path/Frameworks",
				);
				PRODUCT_BUNDLE_IDENTIFIER = "edu.missouri.Hello-WorldTests";
				PRODUCT_NAME = "$(TARGET_NAME)";
				SWIFT_VERSION = 4.2;
				TARGETED_DEVICE_FAMILY = "1,2";
				TEST_HOST = "$(BUILT_PRODUCTS_DIR)/Hello World.app/Hello World";
			};
			name = Debug;
		};
		C60CBD082203B724007E2E15 /* Release */ = {
			isa = XCBuildConfiguration;
			buildSettings = {
				ALWAYS_EMBED_SWIFT_STANDARD_LIBRARIES = YES;
				BUNDLE_LOADER = "$(TEST_HOST)";
				CODE_SIGN_STYLE = Automatic;
				DEVELOPMENT_TEAM = XBNWV2RC9X;
				INFOPLIST_FILE = "Hello WorldTests/Info.plist";
				LD_RUNPATH_SEARCH_PATHS = (
					"$(inherited)",
					"@executable_path/Frameworks",
					"@loader_path/Frameworks",
				);
				PRODUCT_BUNDLE_IDENTIFIER = "edu.missouri.Hello-WorldTests";
				PRODUCT_NAME = "$(TARGET_NAME)";
				SWIFT_VERSION = 4.2;
				TARGETED_DEVICE_FAMILY = "1,2";
				TEST_HOST = "$(BUILT_PRODUCTS_DIR)/Hello World.app/Hello World";
			};
			name = Release;
		};
		C60CBD0A2203B724007E2E15 /* Debug */ = {
			isa = XCBuildConfiguration;
			buildSettings = {
				ALWAYS_EMBED_SWIFT_STANDARD_LIBRARIES = YES;
				CODE_SIGN_STYLE = Automatic;
				DEVELOPMENT_TEAM = XBNWV2RC9X;
				INFOPLIST_FILE = "Hello WorldUITests/Info.plist";
				LD_RUNPATH_SEARCH_PATHS = (
					"$(inherited)",
					"@executable_path/Frameworks",
					"@loader_path/Frameworks",
				);
				PRODUCT_BUNDLE_IDENTIFIER = "edu.missouri.Hello-WorldUITests";
				PRODUCT_NAME = "$(TARGET_NAME)";
				SWIFT_VERSION = 4.2;
				TARGETED_DEVICE_FAMILY = "1,2";
				TEST_TARGET_NAME = "Hello World";
			};
			name = Debug;
		};
		C60CBD0B2203B724007E2E15 /* Release */ = {
			isa = XCBuildConfiguration;
			buildSettings = {
				ALWAYS_EMBED_SWIFT_STANDARD_LIBRARIES = YES;
				CODE_SIGN_STYLE = Automatic;
				DEVELOPMENT_TEAM = XBNWV2RC9X;
				INFOPLIST_FILE = "Hello WorldUITests/Info.plist";
				LD_RUNPATH_SEARCH_PATHS = (
					"$(inherited)",
					"@executable_path/Frameworks",
					"@loader_path/Frameworks",
				);
				PRODUCT_BUNDLE_IDENTIFIER = "edu.missouri.Hello-WorldUITests";
				PRODUCT_NAME = "$(TARGET_NAME)";
				SWIFT_VERSION = 4.2;
				TARGETED_DEVICE_FAMILY = "1,2";
				TEST_TARGET_NAME = "Hello World";
			};
			name = Release;
		};
/* End XCBuildConfiguration section */

/* Begin XCConfigurationList section */
		C60CBCD32203B723007E2E15 /* Build configuration list for PBXProject "Hello World" */ = {
			isa = XCConfigurationList;
			buildConfigurations = (
				C60CBD012203B724007E2E15 /* Debug */,
				C60CBD022203B724007E2E15 /* Release */,
			);
			defaultConfigurationIsVisible = 0;
			defaultConfigurationName = Release;
		};
		C60CBD032203B724007E2E15 /* Build configuration list for PBXNativeTarget "Hello World" */ = {
			isa = XCConfigurationList;
			buildConfigurations = (
				C60CBD042203B724007E2E15 /* Debug */,
				C60CBD052203B724007E2E15 /* Release */,
			);
			defaultConfigurationIsVisible = 0;
			defaultConfigurationName = Release;
		};
		C60CBD062203B724007E2E15 /* Build configuration list for PBXNativeTarget "Hello WorldTests" */ = {
			isa = XCConfigurationList;
			buildConfigurations = (
				C60CBD072203B724007E2E15 /* Debug */,
				C60CBD082203B724007E2E15 /* Release */,
			);
			defaultConfigurationIsVisible = 0;
			defaultConfigurationName = Release;
		};
		C60CBD092203B724007E2E15 /* Build configuration list for PBXNativeTarget "Hello WorldUITests" */ = {
			isa = XCConfigurationList;
			buildConfigurations = (
				C60CBD0A2203B724007E2E15 /* Debug */,
				C60CBD0B2203B724007E2E15 /* Release */,
			);
			defaultConfigurationIsVisible = 0;
			defaultConfigurationName = Release;
		};
/* End XCConfigurationList section */

/* Begin XCVersionGroup section */
		C60CBCE22203B723007E2E15 /* Hello_World.xcdatamodeld */ = {
			isa = XCVersionGroup;
			children = (
				C60CBCE32203B723007E2E15 /* Hello_World.xcdatamodel */,
			);
			currentVersion = C60CBCE32203B723007E2E15 /* Hello_World.xcdatamodel */;
			path = Hello_World.xcdatamodeld;
			sourceTree = "<group>";
			versionGroupType = wrapper.xcdatamodel;
		};
/* End XCVersionGroup section */
	};
	rootObject = C60CBCD02203B723007E2E15 /* Project object */;
}
